github.com/agilira/argus/cmd/cli v0.0.0-20260822223338-822971058276 h1:puRtERMhm6+B/nmgAUnFqRGAzkMsS3q3D5e++Ao9EC8=
github.com/agilira/argus/cmd/cli v0.0.0-20260822223338-822971058276/go.mod h1:TF1W+aTgR3L+vtw1ppcJT1SRpQKCezEkoon9ZZVF0uE=
github.com/agilira/flash-flags v1.3.0 h1:9KFxFrWcdhmetdrnYJUD03DDKq1r3yYn0LQjJwFSdrM=
github.com/agilira/flash-flags v1.3.0/go.mod h1:ANHrYcqhbLzb4/1tENVi3ljHYixnm43wiX2YajI0XSU=
github.com/agilira/go-errors v1.1.2 h1:ksOx5zi88VZCXOKh2IAYFLK6dQeVlE4EjxIA8CVmeOI=
github.com/agilira/go-errors v1.1.2/go.mod h1:ciAR1Rs6aWYqG195/BDVYABTvlNnRNo6pX6eUhbIGDY=
github.com/agilira/go-timecache v1.0.3 h1:O397lnI1dCIPRssiiBjDq6++izWALmpnF9SiMSSxZFI=
github.com/agilira/go-timecache v1.0.3/go.mod h1:4e2uN0V00sIo5m0t0boLTQtORJmc2u2So/+LGvUbSs0=
github.com/agilira/orpheus v1.2.0 h1:Okm3BeWm2bU5WyjFwkl5fy7uPEQWjyij7w5/67MFvek=
github.com/agilira/orpheus v1.2.0/go.mod h1:Wr0GgVR6cYqNYzCiqkffnD01Bn6rOnHkXKhxFuXvPWI=
github.com/mattn/go-sqlite3 v1.14.50 h1:dmdFvo1XG4MPzA4IkAmE9upVz/Nj31uRoM5+jC8hYbY=
github.com/mattn/go-sqlite3 v1.14.50/go.mod h1:6JTjA44L93a0QCyJef5YvlPoKXntQPjzWv5gtm9sB6w=
go.yaml.in/yaml/v3 v3.0.5 h1:N6y/pJk8buWs9NY5ERU2HSMfm+IuD/OtfdAnq6kESPw=
go.yaml.in/yaml/v3 v3.0.5/go.mod h1:HVTZu1O7/Vkt2N+BFy8Zza+lnLsABggaTM2ZpNIGuKg=
golang.org/x/sys v0.43.0 h1:Rlag2XtaFTxp19wS8MXlJwTvoh8ArU6ezoyFsMyCTNI=
golang.org/x/sys v0.43.0/go.mod h1:4GL1E5IUh+htKOUEOaiffhrAeqysfVGipDYzABqnCmw=
golang.org/x/term v0.42.0 h1:UiKe+zDFmJobeJ5ggPwOshJIVt6/Ft0rcfrXZDLWAWY=
golang.org/x/term v0.42.0/go.mod h1:Dq/D+snpsbazcBG5+F9Q1n2rXV8Ma+71xEjTRufARgY=
